// !$*UTF8*$!
{
	archiveVersion = 1;
	classes = {
	};
	objectVersion = 48;
	objects = {

/* Begin PBXBuildFile section */
		B202438F21798ED5007E8A89 /* SATResultData.swift in Sources */ = {isa = PBXBuildFile; fileRef = B202438E21798ED5007E8A89 /* SATResultData.swift */; };
		B2024393217A55C9007E8A89 /* SchoolDetailsViewController.swift in Sources */ = {isa = PBXBuildFile; fileRef = B2024392217A55C9007E8A89 /* SchoolDetailsViewController.swift */; };
		B27447B3218042F000FB9E2E /* Networking_ExampleTests.swift in Sources */ = {isa = PBXBuildFile; fileRef = B27447B2218042F000FB9E2E /* Networking_ExampleTests.swift */; };
		B27447BB21815DF800FB9E2E /* FavoriteSchoolsViewController.swift in Sources */ = {isa = PBXBuildFile; fileRef = B27447BA21815DF800FB9E2E /* FavoriteSchoolsViewController.swift */; };
		B27447BD218184F900FB9E2E /* MapViewController.swift in Sources */ = {isa = PBXBuildFile; fileRef = B27447BC218184F900FB9E2E /* MapViewController.swift */; };
		B27447BF2181917C00FB9E2E /* SchoolMap.swift in Sources */ = {isa = PBXBuildFile; fileRef = B27447BE2181917C00FB9E2E /* SchoolMap.swift */; };
		B2BDB9BA215E87270010EEAD /* AppDelegate.swift in Sources */ = {isa = PBXBuildFile; fileRef = B2BDB9B9215E87270010EEAD /* AppDelegate.swift */; };
		B2BDB9BC215E87270010EEAD /* ViewController.swift in Sources */ = {isa = PBXBuildFile; fileRef = B2BDB9BB215E87270010EEAD /* ViewController.swift */; };
		B2BDB9BF215E87270010EEAD /* Main.storyboard in Resources */ = {isa = PBXBuildFile; fileRef = B2BDB9BD215E87270010EEAD /* Main.storyboard */; };
		B2BDB9C1215E87280010EEAD /* Assets.xcassets in Resources */ = {isa = PBXBuildFile; fileRef = B2BDB9C0215E87280010EEAD /* Assets.xcassets */; };
		B2BDB9C4215E87280010EEAD /* LaunchScreen.storyboard in Resources */ = {isa = PBXBuildFile; fileRef = B2BDB9C2215E87280010EEAD /* LaunchScreen.storyboard */; };
		B2BDB9CC215E88340010EEAD /* SchoolData.swift in Sources */ = {isa = PBXBuildFile; fileRef = B2BDB9CB215E88330010EEAD /* SchoolData.swift */; };
		B2BDB9CE215E8B8E0010EEAD /* SchoolDataTableViewCell.swift in Sources */ = {isa = PBXBuildFile; fileRef = B2BDB9CD215E8B8E0010EEAD /* SchoolDataTableViewCell.swift */; };
/* End PBXBuildFile section */

/* Begin PBXContainerItemProxy section */
		B27447B5218042F000FB9E2E /* PBXContainerItemProxy */ = {
			isa = PBXContainerItemProxy;
			containerPortal = B2BDB9AE215E87270010EEAD /* Project object */;
			proxyType = 1;
			remoteGlobalIDString = B2BDB9B5215E87270010EEAD;
			remoteInfo = Networking_Example;
		};
/* End PBXContainerItemProxy section */

/* Begin PBXFileReference section */
		B202438E21798ED5007E8A89 /* SATResultData.swift */ = {isa = PBXFileReference; lastKnownFileType = sourcecode.swift; path = SATResultData.swift; sourceTree = "<group>"; };
		B2024392217A55C9007E8A89 /* SchoolDetailsViewController.swift */ = {isa = PBXFileReference; lastKnownFileType = sourcecode.swift; path = SchoolDetailsViewController.swift; sourceTree = "<group>"; };
		B27447B0218042F000FB9E2E /* Networking_ExampleTests.xctest */ = {isa = PBXFileReference; explicitFileType = wrapper.cfbundle; includeInIndex = 0; path = Networking_ExampleTests.xctest; sourceTree = BUILT_PRODUCTS_DIR; };
		B27447B2218042F000FB9E2E /* Networking_ExampleTests.swift */ = {isa = PBXFileReference; lastKnownFileType = sourcecode.swift; path = Networking_ExampleTests.swift; sourceTree = "<group>"; };
		B27447B4218042F000FB9E2E /* Info.plist */ = {isa = PBXFileReference; lastKnownFileType = text.plist.xml; path = Info.plist; sourceTree = "<group>"; };
		B27447BA21815DF800FB9E2E /* FavoriteSchoolsViewController.swift */ = {isa = PBXFileReference; lastKnownFileType = sourcecode.swift; path = FavoriteSchoolsViewController.swift; sourceTree = "<group>"; };
		B27447BC218184F900FB9E2E /* MapViewController.swift */ = {isa = PBXFileReference; lastKnownFileType = sourcecode.swift; path = MapViewController.swift; sourceTree = "<group>"; };
		B27447BE2181917C00FB9E2E /* SchoolMap.swift */ = {isa = PBXFileReference; lastKnownFileType = sourcecode.swift; path = SchoolMap.swift; sourceTree = "<group>"; };
		B2BDB9B6215E87270010EEAD /* Networking_Example.app */ = {isa = PBXFileReference; explicitFileType = wrapper.application; includeInIndex = 0; path = Networking_Example.app; sourceTree = BUILT_PRODUCTS_DIR; };
		B2BDB9B9215E87270010EEAD /* AppDelegate.swift */ = {isa = PBXFileReference; lastKnownFileType = sourcecode.swift; path = AppDelegate.swift; sourceTree = "<group>"; };
		B2BDB9BB215E87270010EEAD /* ViewController.swift */ = {isa = PBXFileReference; lastKnownFileType = sourcecode.swift; path = ViewController.swift; sourceTree = "<group>"; };
		B2BDB9BE215E87270010EEAD /* Base */ = {isa = PBXFileReference; lastKnownFileType = file.storyboard; name = Base; path = Base.lproj/Main.storyboard; sourceTree = "<group>"; };
		B2BDB9C0215E87280010EEAD /* Assets.xcassets */ = {isa = PBXFileReference; lastKnownFileType = folder.assetcatalog; path = Assets.xcassets; sourceTree = "<group>"; };
		B2BDB9C3215E87280010EEAD /* Base */ = {isa = PBXFileReference; lastKnownFileType = file.storyboard; name = Base; path = Base.lproj/LaunchScreen.storyboard; sourceTree = "<group>"; };
		B2BDB9C5215E87280010EEAD /* Info.plist */ = {isa = PBXFileReference; lastKnownFileType = text.plist.xml; path = Info.plist; sourceTree = "<group>"; };
		B2BDB9CB215E88330010EEAD /* SchoolData.swift */ = {isa = PBXFileReference; lastKnownFileType = sourcecode.swift; path = SchoolData.swift; sourceTree = "<group>"; };
		B2BDB9CD215E8B8E0010EEAD /* SchoolDataTableViewCell.swift */ = {isa = PBXFileReference; lastKnownFileType = sourcecode.swift; path = SchoolDataTableViewCell.swift; sourceTree = "<group>"; };
/* End PBXFileReference section */

/* Begin PBXFrameworksBuildPhase section */
		B27447AD218042F000FB9E2E /* Frameworks */ = {
			isa = PBXFrameworksBuildPhase;
			buildActionMask = 2147483647;
			files = (
			);
			runOnlyForDeploymentPostprocessing = 0;
		};
		B2BDB9B3215E87270010EEAD /* Frameworks */ = {
			isa = PBXFrameworksBuildPhase;
			buildActionMask = 2147483647;
			files = (
			);
			runOnlyForDeploymentPostprocessing = 0;
		};
/* End PBXFrameworksBuildPhase section */

/* Begin PBXGroup section */
		B27447B1218042F000FB9E2E /* Networking_ExampleTests */ = {
			isa = PBXGroup;
			children = (
				B27447B2218042F000FB9E2E /* Networking_ExampleTests.swift */,
				B27447B4218042F000FB9E2E /* Info.plist */,
			);
			path = Networking_ExampleTests;
			sourceTree = "<group>";
		};
		B2BDB9AD215E87270010EEAD = {
			isa = PBXGroup;
			children = (
				B2BDB9B8215E87270010EEAD /* Networking_Example */,
				B27447B1218042F000FB9E2E /* Networking_ExampleTests */,
				B2BDB9B7215E87270010EEAD /* Products */,
			);
			sourceTree = "<group>";
		};
		B2BDB9B7215E87270010EEAD /* Products */ = {
			isa = PBXGroup;
			children = (
				B2BDB9B6215E87270010EEAD /* Networking_Example.app */,
				B27447B0218042F000FB9E2E /* Networking_ExampleTests.xctest */,
			);
			name = Products;
			sourceTree = "<group>";
		};
		B2BDB9B8215E87270010EEAD /* Networking_Example */ = {
			isa = PBXGroup;
			children = (
				B2BDB9C5215E87280010EEAD /* Info.plist */,
				B2BDB9B9215E87270010EEAD /* AppDelegate.swift */,
				B2BDB9CF215F18B10010EEAD /* Model */,
				B2BDB9D1215F190C0010EEAD /* ViewController */,
				B2BDB9D0215F18E00010EEAD /* View */,
			);
			path = Networking_Example;
			sourceTree = "<group>";
		};
		B2BDB9CF215F18B10010EEAD /* Model */ = {
			isa = PBXGroup;
			children = (
				B2BDB9CB215E88330010EEAD /* SchoolData.swift */,
				B202438E21798ED5007E8A89 /* SATResultData.swift */,
				B27447BE2181917C00FB9E2E /* SchoolMap.swift */,
			);
			path = Model;
			sourceTree = "<group>";
		};
		B2BDB9D0215F18E00010EEAD /* View */ = {
			isa = PBXGroup;
			children = (
				B2BDB9BD215E87270010EEAD /* Main.storyboard */,
				B2BDB9C0215E87280010EEAD /* Assets.xcassets */,
				B2BDB9C2215E87280010EEAD /* LaunchScreen.storyboard */,
			);
			path = View;
			sourceTree = "<group>";
		};
		B2BDB9D1215F190C0010EEAD /* ViewController */ = {
			isa = PBXGroup;
			children = (
				B2BDB9BB215E87270010EEAD /* ViewController.swift */,
				B2024392217A55C9007E8A89 /* SchoolDetailsViewController.swift */,
				B2BDB9CD215E8B8E0010EEAD /* SchoolDataTableViewCell.swift */,
				B27447BA21815DF800FB9E2E /* FavoriteSchoolsViewController.swift */,
				B27447BC218184F900FB9E2E /* MapViewController.swift */,
			);
			path = ViewController;
			sourceTree = "<group>";
		};
/* End PBXGroup section */

/* Begin PBXNativeTarget section */
		B27447AF218042F000FB9E2E /* Networking_ExampleTests */ = {
			isa = PBXNativeTarget;
			buildConfigurationList = B27447B7218042F100FB9E2E /* Build configuration list for PBXNativeTarget "Networking_ExampleTests" */;
			buildPhases = (
				B27447AC218042F000FB9E2E /* Sources */,
				B27447AD218042F000FB9E2E /* Frameworks */,
				B27447AE218042F000FB9E2E /* Resources */,
			);
			buildRules = (
			);
			dependencies = (
				B27447B6218042F000FB9E2E /* PBXTargetDependency */,
			);
			name = Networking_ExampleTests;
			productName = Networking_ExampleTests;
			productReference = B27447B0218042F000FB9E2E /* Networking_ExampleTests.xctest */;
			productType = "com.apple.product-type.bundle.unit-test";
		};
		B2BDB9B5215E87270010EEAD /* Networking_Example */ = {
			isa = PBXNativeTarget;
			buildConfigurationList = B2BDB9C8215E87280010EEAD /* Build configuration list for PBXNativeTarget "Networking_Example" */;
			buildPhases = (
				B2BDB9B2215E87270010EEAD /* Sources */,
				B2BDB9B3215E87270010EEAD /* Frameworks */,
				B2BDB9B4215E87270010EEAD /* Resources */,
			);
			buildRules = (
			);
			dependencies = (
			);
			name = Networking_Example;
			productName = Networking_Example;
			productReference = B2BDB9B6215E87270010EEAD /* Networking_Example.app */;
			productType = "com.apple.product-type.application";
		};
/* End PBXNativeTarget section */

/* Begin PBXProject section */
		B2BDB9AE215E87270010EEAD /* Project object */ = {
			isa = PBXProject;
			attributes = {
				LastSwiftUpdateCheck = 0920;
				LastUpgradeCheck = 0920;
				ORGANIZATIONNAME = parth;
				TargetAttributes = {
					B27447AF218042F000FB9E2E = {
						CreatedOnToolsVersion = 9.2;
						ProvisioningStyle = Automatic;
						TestTargetID = B2BDB9B5215E87270010EEAD;
					};
					B2BDB9B5215E87270010EEAD = {
						CreatedOnToolsVersion = 9.2;
						ProvisioningStyle = Automatic;
					};
				};
			};
			buildConfigurationList = B2BDB9B1215E87270010EEAD /* Build configuration list for PBXProject "Networking_Example" */;
			compatibilityVersion = "Xcode 8.0";
			developmentRegion = en;
			hasScannedForEncodings = 0;
			knownRegions = (
				en,
				Base,
			);
			mainGroup = B2BDB9AD215E87270010EEAD;
			productRefGroup = B2BDB9B7215E87270010EEAD /* Products */;
			projectDirPath = "";
			projectRoot = "";
			targets = (
				B2BDB9B5215E87270010EEAD /* Networking_Example */,
				B27447AF218042F000FB9E2E /* Networking_ExampleTests */,
			);
		};
/* End PBXProject section */

/* Begin PBXResourcesBuildPhase section */
		B27447AE218042F000FB9E2E /* Resources */ = {
			isa = PBXResourcesBuildPhase;
			buildActionMask = 2147483647;
			files = (
			);
			runOnlyForDeploymentPostprocessing = 0;
		};
		B2BDB9B4215E87270010EEAD /* Resources */ = {
			isa = PBXResourcesBuildPhase;
			buildActionMask = 2147483647;
			files = (
				B2BDB9C4215E87280010EEAD /* LaunchScreen.storyboard in Resources */,
				B2BDB9C1215E87280010EEAD /* Assets.xcassets in Resources */,
				B2BDB9BF215E87270010EEAD /* Main.storyboard in Resources */,
			);
			runOnlyForDeploymentPostprocessing = 0;
		};
/* End PBXResourcesBuildPhase section */

/* Begin PBXSourcesBuildPhase section */
		B27447AC218042F000FB9E2E /* Sources */ = {
			isa = PBXSourcesBuildPhase;
			buildActionMask = 2147483647;
			files = (
				B27447B3218042F000FB9E2E /* Networking_ExampleTests.swift in Sources */,
			);
			runOnlyForDeploymentPostprocessing = 0;
		};
		B2BDB9B2215E87270010EEAD /* Sources */ = {
			isa = PBXSourcesBuildPhase;
			buildActionMask = 2147483647;
			files = (
				B2BDB9BC215E87270010EEAD /* ViewController.swift in Sources */,
				B2024393217A55C9007E8A89 /* SchoolDetailsViewController.swift in Sources */,
				B2BDB9CE215E8B8E0010EEAD /* SchoolDataTableViewCell.swift in Sources */,
				B27447BB21815DF800FB9E2E /* FavoriteSchoolsViewController.swift in Sources */,
				B202438F21798ED5007E8A89 /* SATResultData.swift in Sources */,
				B2BDB9CC215E88340010EEAD /* SchoolData.swift in Sources */,
				B2BDB9BA215E87270010EEAD /* AppDelegate.swift in Sources */,
				B27447BF2181917C00FB9E2E /* SchoolMap.swift in Sources */,
				B27447BD218184F900FB9E2E /* MapViewController.swift in Sources */,
			);
			runOnlyForDeploymentPostprocessing = 0;
		};
/* End PBXSourcesBuildPhase section */

/* Begin PBXTargetDependency section */
		B27447B6218042F000FB9E2E /* PBXTargetDependency */ = {
			isa = PBXTargetDependency;
			target = B2BDB9B5215E87270010EEAD /* Networking_Example */;
			targetProxy = B27447B5218042F000FB9E2E /* PBXContainerItemProxy */;
		};
/* End PBXTargetDependency section */

/* Begin PBXVariantGroup section */
		B2BDB9BD215E87270010EEAD /* Main.storyboard */ = {
			isa = PBXVariantGroup;
			children = (
				B2BDB9BE215E87270010EEAD /* Base */,
			);
			name = Main.storyboard;
			sourceTree = "<group>";
		};
		B2BDB9C2215E87280010EEAD /* LaunchScreen.storyboard */ = {
			isa = PBXVariantGroup;
			children = (
				B2BDB9C3215E87280010EEAD /* Base */,
			);
			name = LaunchScreen.storyboard;
			sourceTree = "<group>";
		};
/* End PBXVariantGroup section */

/* Begin XCBuildConfiguration section */
		B27447B8218042F100FB9E2E /* Debug */ = {
			isa = XCBuildConfiguration;
			buildSettings = {
				BUNDLE_LOADER = "$(TEST_HOST)";
				CODE_SIGN_STYLE = Automatic;
				DEVELOPMENT_TEAM = 6ZD8EJ8763;
				INFOPLIST_FILE = Networking_ExampleTests/Info.plist;
				LD_RUNPATH_SEARCH_PATHS = "$(inherited) @executable_path/Frameworks @loader_path/Frameworks";
				PRODUCT_BUNDLE_IDENTIFIER = "com.parth.Networking-ExampleTests";
				PRODUCT_NAME = "$(TARGET_NAME)";
				SWIFT_VERSION = 4.0;
				TARGETED_DEVICE_FAMILY = "1,2";
				TEST_HOST = "$(BUILT_PRODUCTS_DIR)/Networking_Example.app/Networking_Example";
			};
			name = Debug;
		};
		B27447B9218042F100FB9E2E /* Release */ = {
			isa = XCBuildConfiguration;
			buildSettings = {
				BUNDLE_LOADER = "$(TEST_HOST)";
				CODE_SIGN_STYLE = Automatic;
				DEVELOPMENT_TEAM = 6ZD8EJ8763;
				INFOPLIST_FILE = Networking_ExampleTests/Info.plist;
				LD_RUNPATH_SEARCH_PATHS = "$(inherited) @executable_path/Frameworks @loader_path/Frameworks";
				PRODUCT_BUNDLE_IDENTIFIER = "com.parth.Networking-ExampleTests";
				PRODUCT_NAME = "$(TARGET_NAME)";
				SWIFT_VERSION = 4.0;
				TARGETED_DEVICE_FAMILY = "1,2";
				TEST_HOST = "$(BUILT_PRODUCTS_DIR)/Networking_Example.app/Networking_Example";
			};
			name = Release;
		};
		B2BDB9C6215E87280010EEAD /* Debug */ = {
			isa = XCBuildConfiguration;
			buildSettings = {
				ALWAYS_SEARCH_USER_PATHS = NO;
				CLANG_ANALYZER_NONNULL = YES;
				CLANG_ANALYZER_NUMBER_OBJECT_CONVERSION = YES_AGGRESSIVE;
				CLANG_CXX_LANGUAGE_STANDARD = "gnu++14";
				CLANG_CXX_LIBRARY = "libc++";
				CLANG_ENABLE_MODULES = YES;
				CLANG_ENABLE_OBJC_ARC = YES;
				CLANG_WARN_BLOCK_CAPTURE_AUTORELEASING = YES;
				CLANG_WARN_BOOL_CONVERSION = YES;
				CLANG_WARN_COMMA = YES;
				CLANG_WARN_CONSTANT_CONVERSION = YES;
				CLANG_WARN_DIRECT_OBJC_ISA_USAGE = YES_ERROR;
				CLANG_WARN_DOCUMENTATION_COMMENTS = YES;
				CLANG_WARN_EMPTY_BODY = YES;
				CLANG_WARN_ENUM_CONVERSION = YES;
				CLANG_WARN_INFINITE_RECURSION = YES;
				CLANG_WARN_INT_CONVERSION = YES;
				CLANG_WARN_NON_LITERAL_NULL_CONVERSION = YES;
				CLANG_WARN_OBJC_LITERAL_CONVERSION = YES;
				CLANG_WARN_OBJC_ROOT_CLASS = YES_ERROR;
				CLANG_WARN_RANGE_LOOP_ANALYSIS = YES;
				CLANG_WARN_STRICT_PROTOTYPES = YES;
				CLANG_WARN_SUSPICIOUS_MOVE = YES;
				CLANG_WARN_UNGUARDED_AVAILABILITY = YES_AGGRESSIVE;
				CLANG_WARN_UNREACHABLE_CODE = YES;
				CLANG_WARN__DUPLICATE_METHOD_MATCH = YES;
				CODE_SIGN_IDENTITY = "iPhone Developer";
				COPY_PHASE_STRIP = NO;
				DEBUG_INFORMATION_FORMAT = dwarf;
				ENABLE_STRICT_OBJC_MSGSEND = YES;
				ENABLE_TESTABILITY = YES;
				GCC_C_LANGUAGE_STANDARD = gnu11;
				GCC_DYNAMIC_NO_PIC = NO;
				GCC_NO_COMMON_BLOCKS = YES;
				GCC_OPTIMIZATION_LEVEL = 0;
				GCC_PREPROCESSOR_DEFINITIONS = (
					"DEBUG=1",
					"$(inherited)",
				);
				GCC_WARN_64_TO_32_BIT_CONVERSION = YES;
				GCC_WARN_ABOUT_RETURN_TYPE = YES_ERROR;
				GCC_WARN_UNDECLARED_SELECTOR = YES;
				GCC_WARN_UNINITIALIZED_AUTOS = YES_AGGRESSIVE;
				GCC_WARN_UNUSED_FUNCTION = YES;
				GCC_WARN_UNUSED_VARIABLE = YES;
				IPHONEOS_DEPLOYMENT_TARGET = 11.2;
				MTL_ENABLE_DEBUG_INFO = YES;
				ONLY_ACTIVE_ARCH = YES;
				SDKROOT = iphoneos;
				SWIFT_ACTIVE_COMPILATION_CONDITIONS = DEBUG;
				SWIFT_OPTIMIZATION_LEVEL = "-Onone";
			};
			name = Debug;
		};
		B2BDB9C7215E87280010EEAD /* Release */ = {
			isa = XCBuildConfiguration;
			buildSettings = {
				ALWAYS_SEARCH_USER_PATHS = NO;
				CLANG_ANALYZER_NONNULL = YES;
				CLANG_ANALYZER_NUMBER_OBJECT_CONVERSION = YES_AGGRESSIVE;
				CLANG_CXX_LANGUAGE_STANDARD = "gnu++14";
				CLANG_CXX_LIBRARY = "libc++";
				CLANG_ENABLE_MODULES = YES;
				CLANG_ENABLE_OBJC_ARC = YES;
				CLANG_WARN_BLOCK_CAPTURE_AUTORELEASING = YES;
				CLANG_WARN_BOOL_CONVERSION = YES;
				CLANG_WARN_COMMA = YES;
				CLANG_WARN_CONSTANT_CONVERSION = YES;
				CLANG_WARN_DIRECT_OBJC_ISA_USAGE = YES_ERROR;
				CLANG_WARN_DOCUMENTATION_COMMENTS = YES;
				CLANG_WARN_EMPTY_BODY = YES;
				CLANG_WARN_ENUM_CONVERSION = YES;
				CLANG_WARN_INFINITE_RECURSION = YES;
				CLANG_WARN_INT_CONVERSION = YES;
				CLANG_WARN_NON_LITERAL_NULL_CONVERSION = YES;
				CLANG_WARN_OBJC_LITERAL_CONVERSION = YES;
				CLANG_WARN_OBJC_ROOT_CLASS = YES_ERROR;
				CLANG_WARN_RANGE_LOOP_ANALYSIS = YES;
				CLANG_WARN_STRICT_PROTOTYPES = YES;
				CLANG_WARN_SUSPICIOUS_MOVE = YES;
				CLANG_WARN_UNGUARDED_AVAILABILITY = YES_AGGRESSIVE;
				CLANG_WARN_UNREACHABLE_CODE = YES;
				CLANG_WARN__DUPLICATE_METHOD_MATCH = YES;
				CODE_SIGN_IDENTITY = "iPhone Developer";
				COPY_PHASE_STRIP = NO;
				DEBUG_INFORMATION_FORMAT = "dwarf-with-dsym";
				ENABLE_NS_ASSERTIONS = NO;
				ENABLE_STRICT_OBJC_MSGSEND = YES;
				GCC_C_LANGUAGE_STANDARD = gnu11;
				GCC_NO_COMMON_BLOCKS = YES;
				GCC_WARN_64_TO_32_BIT_CONVERSION = YES;
				GCC_WARN_ABOUT_RETURN_TYPE = YES_ERROR;
				GCC_WARN_UNDECLARED_SELECTOR = YES;
				GCC_WARN_UNINITIALIZED_AUTOS = YES_AGGRESSIVE;
				GCC_WARN_UNUSED_FUNCTION = YES;
				GCC_WARN_UNUSED_VARIABLE = YES;
				IPHONEOS_DEPLOYMENT_TARGET = 11.2;
				MTL_ENABLE_DEBUG_INFO = NO;
				SDKROOT = iphoneos;
				SWIFT_OPTIMIZATION_LEVEL = "-Owholemodule";
				VALIDATE_PRODUCT = YES;
			};
			name = Release;
		};
		B2BDB9C9215E87280010EEAD /* Debug */ = {
			isa = XCBuildConfiguration;
			buildSettings = {
				ASSETCATALOG_COMPILER_APPICON_NAME = AppIcon;
				CODE_SIGN_STYLE = Automatic;
				DEVELOPMENT_TEAM = 6ZD8EJ8763;
				INFOPLIST_FILE = Networking_Example/Info.plist;
				IPHONEOS_DEPLOYMENT_TARGET = 11.2;
				LD_RUNPATH_SEARCH_PATHS = "$(inherited) @executable_path/Frameworks";
				PRODUCT_BUNDLE_IDENTIFIER = "com.parth.Networking-Example";
				PRODUCT_NAME = "$(TARGET_NAME)";
				SWIFT_VERSION = 4.0;
				TARGETED_DEVICE_FAMILY = "1,2";
			};
			name = Debug;
		};
		B2BDB9CA215E87280010EEAD /* Release */ = {
			isa = XCBuildConfiguration;
			buildSettings = {
				ASSETCATALOG_COMPILER_APPICON_NAME = AppIcon;
				CODE_SIGN_STYLE = Automatic;
				DEVELOPMENT_TEAM = 6ZD8EJ8763;
				INFOPLIST_FILE = Networking_Example/Info.plist;
				IPHONEOS_DEPLOYMENT_TARGET = 11.2;
				LD_RUNPATH_SEARCH_PATHS = "$(inherited) @executable_path/Frameworks";
				PRODUCT_BUNDLE_IDENTIFIER = "com.parth.Networking-Example";
				PRODUCT_NAME = "$(TARGET_NAME)";
				SWIFT_VERSION = 4.0;
				TARGETED_DEVICE_FAMILY = "1,2";
			};
			name = Release;
		};
/* End XCBuildConfiguration section */

/* Begin XCConfigurationList section */
		B27447B7218042F100FB9E2E /* Build configuration list for PBXNativeTarget "Networking_ExampleTests" */ = {
			isa = XCConfigurationList;
			buildConfigurations = (
				B27447B8218042F100FB9E2E /* Debug */,
				B27447B9218042F100FB9E2E /* Release */,
			);
			defaultConfigurationIsVisible = 0;
			defaultConfigurationName = Release;
		};
		B2BDB9B1215E87270010EEAD /* Build configuration list for PBXProject "Networking_Example" */ = {
			isa = XCConfigurationList;
			buildConfigurations = (
				B2BDB9C6215E87280010EEAD /* Debug */,
				B2BDB9C7215E87280010EEAD /* Release */,
			);
			defaultConfigurationIsVisible = 0;
			defaultConfigurationName = Release;
		};
		B2BDB9C8215E87280010EEAD /* Build configuration list for PBXNativeTarget "Networking_Example" */ = {
			isa = XCConfigurationList;
			buildConfigurations = (
				B2BDB9C9215E87280010EEAD /* Debug */,
				B2BDB9CA215E87280010EEAD /* Release */,
			);
			defaultConfigurationIsVisible = 0;
			defaultConfigurationName = Release;
		};
/* End XCConfigurationList section */
	};
	rootObject = B2BDB9AE215E87270010EEAD /* Project object */;
}
